{
  "name": "icheck-bootstrap",
  "version": "3.0.1",
  "lockfileVersion": 3,
  "requires": true,
  "packages": {
    "": {
      "name": "icheck-bootstrap",
      "version": "3.0.1",
      "license": "MIT",
      "dependencies": {
        "icheck-bootstrap": "file:"
      }
    },
    "node_modules/icheck-bootstrap": {
      "resolved": "",
      "link": true
    }
  }
}
